
Microsoft Visual Studio Solution File, Format Version 12.00
# Visual Studio 15
VisualStudioVersion = 15.0.27004.2008
MinimumVisualStudioVersion = 10.0.40219.1
Project("{9A19103F-16F7-4668-BE54-9A1E7A4F7556}") = "Thorium.Core.DataIntegration", "Thorium.Core.DataIntegration\Thorium.Core.DataIntegration.csproj", "{9F1A7D2A-2ACB-4A0F-BA83-A880D99EA12A}"
EndProject
Project("{FAE04EC0-301F-11D3-BF4B-00C04F79EFBC}") = "Tests", "Tests\Tests.csproj", "{FE60C75D-36D3-4C1A-B40E-F81C6199EE5D}"
EndProject
Global
	GlobalSection(SolutionConfigurationPlatforms) = preSolution
		Debug|Any CPU = Debug|Any CPU
		Release|Any CPU = Release|Any CPU
	EndGlobalSection
	GlobalSection(ProjectConfigurationPlatforms) = postSolution
		{9F1A7D2A-2ACB-4A0F-BA83-A880D99EA12A}.Debug|Any CPU.ActiveCfg = Debug|Any CPU
		{9F1A7D2A-2ACB-4A0F-BA83-A880D99EA12A}.Debug|Any CPU.Build.0 = Debug|Any CPU
		{9F1A7D2A-2ACB-4A0F-BA83-A880D99EA12A}.Release|Any CPU.ActiveCfg = Release|Any CPU
		{9F1A7D2A-2ACB-4A0F-BA83-A880D99EA12A}.Release|Any CPU.Build.0 = Release|Any CPU
		{FE60C75D-36D3-4C1A-B40E-F81C6199EE5D}.Debug|Any CPU.ActiveCfg = Debug|Any CPU
		{FE60C75D-36D3-4C1A-B40E-F81C6199EE5D}.Debug|Any CPU.Build.0 = Debug|Any CPU
		{FE60C75D-36D3-4C1A-B40E-F81C6199EE5D}.Release|Any CPU.ActiveCfg = Release|Any CPU
		{FE60C75D-36D3-4C1A-B40E-F81C6199EE5D}.Release|Any CPU.Build.0 = Release|Any CPU
	EndGlobalSection
	GlobalSection(SolutionProperties) = preSolution
		HideSolutionNode = FALSE
	EndGlobalSection
	GlobalSection(ExtensibilityGlobals) = postSolution
		SolutionGuid = {BEBA191F-9224-443A-B37A-FBD350EAAC82}
	EndGlobalSection
EndGlobal
